// !$*UTF8*$!
{
	archiveVersion = 1;
	classes = {
	};
	objectVersion = 50;
	objects = {

/* Begin PBXBuildFile section */
		BC526BEE2572570F0016E7F2 /* AppDelegate.swift in Sources */ = {isa = PBXBuildFile; fileRef = BC526BED2572570F0016E7F2 /* AppDelegate.swift */; };
		BC526BF02572570F0016E7F2 /* SceneDelegate.swift in Sources */ = {isa = PBXBuildFile; fileRef = BC526BEF2572570F0016E7F2 /* SceneDelegate.swift */; };
		BC526BF22572570F0016E7F2 /* ViewController.swift in Sources */ = {isa = PBXBuildFile; fileRef = BC526BF12572570F0016E7F2 /* ViewController.swift */; };
		BC526BF52572570F0016E7F2 /* Main.storyboard in Resources */ = {isa = PBXBuildFile; fileRef = BC526BF32572570F0016E7F2 /* Main.storyboard */; };
		BC526BF7257257110016E7F2 /* Assets.xcassets in Resources */ = {isa = PBXBuildFile; fileRef = BC526BF6257257110016E7F2 /* Assets.xcassets */; };
		BC526BFA257257110016E7F2 /* LaunchScreen.storyboard in Resources */ = {isa = PBXBuildFile; fileRef = BC526BF8257257110016E7F2 /* LaunchScreen.storyboard */; };
		BC77D1902572580E00025253 /* TestCollectionViewCell.swift in Sources */ = {isa = PBXBuildFile; fileRef = BC77D18F2572580E00025253 /* TestCollectionViewCell.swift */; };
		BC77D1932572596400025253 /* MonitorProtocol.swift in Sources */ = {isa = PBXBuildFile; fileRef = BC77D1922572596400025253 /* MonitorProtocol.swift */; };
		BC77D19625727D1D00025253 /* Monitor.swift in Sources */ = {isa = PBXBuildFile; fileRef = BC77D19525727D1D00025253 /* Monitor.swift */; };
		BC77D19925727E9A00025253 /* Monitor+Extension.swift in Sources */ = {isa = PBXBuildFile; fileRef = BC77D19825727E9A00025253 /* Monitor+Extension.swift */; };
		BC77D19C2572859800025253 /* CollectionViewMonitor.swift in Sources */ = {isa = PBXBuildFile; fileRef = BC77D19B2572859800025253 /* CollectionViewMonitor.swift */; };
		BC77D19F2572862F00025253 /* Monitor+Util.swift in Sources */ = {isa = PBXBuildFile; fileRef = BC77D19E2572862F00025253 /* Monitor+Util.swift */; };
		BC77D1A22573581D00025253 /* DelegateProxy.swift in Sources */ = {isa = PBXBuildFile; fileRef = BC77D1A12573581D00025253 /* DelegateProxy.swift */; };
		BC77D1A525737D1900025253 /* MonitorAction.swift in Sources */ = {isa = PBXBuildFile; fileRef = BC77D1A425737D1900025253 /* MonitorAction.swift */; };
/* End PBXBuildFile section */

/* Begin PBXFileReference section */
		BC526BEA2572570F0016E7F2 /* TimeMonitor.app */ = {isa = PBXFileReference; explicitFileType = wrapper.application; includeInIndex = 0; path = TimeMonitor.app; sourceTree = BUILT_PRODUCTS_DIR; };
		BC526BED2572570F0016E7F2 /* AppDelegate.swift */ = {isa = PBXFileReference; lastKnownFileType = sourcecode.swift; path = AppDelegate.swift; sourceTree = "<group>"; };
		BC526BEF2572570F0016E7F2 /* SceneDelegate.swift */ = {isa = PBXFileReference; lastKnownFileType = sourcecode.swift; path = SceneDelegate.swift; sourceTree = "<group>"; };
		BC526BF12572570F0016E7F2 /* ViewController.swift */ = {isa = PBXFileReference; lastKnownFileType = sourcecode.swift; path = ViewController.swift; sourceTree = "<group>"; };
		BC526BF42572570F0016E7F2 /* Base */ = {isa = PBXFileReference; lastKnownFileType = file.storyboard; name = Base; path = Base.lproj/Main.storyboard; sourceTree = "<group>"; };
		BC526BF6257257110016E7F2 /* Assets.xcassets */ = {isa = PBXFileReference; lastKnownFileType = folder.assetcatalog; path = Assets.xcassets; sourceTree = "<group>"; };
		BC526BF9257257110016E7F2 /* Base */ = {isa = PBXFileReference; lastKnownFileType = file.storyboard; name = Base; path = Base.lproj/LaunchScreen.storyboard; sourceTree = "<group>"; };
		BC526BFB257257110016E7F2 /* Info.plist */ = {isa = PBXFileReference; lastKnownFileType = text.plist.xml; path = Info.plist; sourceTree = "<group>"; };
		BC77D18F2572580E00025253 /* TestCollectionViewCell.swift */ = {isa = PBXFileReference; lastKnownFileType = sourcecode.swift; path = TestCollectionViewCell.swift; sourceTree = "<group>"; };
		BC77D1922572596400025253 /* MonitorProtocol.swift */ = {isa = PBXFileReference; lastKnownFileType = sourcecode.swift; path = MonitorProtocol.swift; sourceTree = "<group>"; };
		BC77D19525727D1D00025253 /* Monitor.swift */ = {isa = PBXFileReference; lastKnownFileType = sourcecode.swift; path = Monitor.swift; sourceTree = "<group>"; };
		BC77D19825727E9A00025253 /* Monitor+Extension.swift */ = {isa = PBXFileReference; lastKnownFileType = sourcecode.swift; path = "Monitor+Extension.swift"; sourceTree = "<group>"; };
		BC77D19B2572859800025253 /* CollectionViewMonitor.swift */ = {isa = PBXFileReference; lastKnownFileType = sourcecode.swift; path = CollectionViewMonitor.swift; sourceTree = "<group>"; };
		BC77D19E2572862F00025253 /* Monitor+Util.swift */ = {isa = PBXFileReference; lastKnownFileType = sourcecode.swift; path = "Monitor+Util.swift"; sourceTree = "<group>"; };
		BC77D1A12573581D00025253 /* DelegateProxy.swift */ = {isa = PBXFileReference; lastKnownFileType = sourcecode.swift; path = DelegateProxy.swift; sourceTree = "<group>"; };
		BC77D1A425737D1900025253 /* MonitorAction.swift */ = {isa = PBXFileReference; lastKnownFileType = sourcecode.swift; path = MonitorAction.swift; sourceTree = "<group>"; };
/* End PBXFileReference section */

/* Begin PBXFrameworksBuildPhase section */
		BC526BE72572570F0016E7F2 /* Frameworks */ = {
			isa = PBXFrameworksBuildPhase;
			buildActionMask = 2147483647;
			files = (
			);
			runOnlyForDeploymentPostprocessing = 0;
		};
/* End PBXFrameworksBuildPhase section */

/* Begin PBXGroup section */
		BC526BE12572570F0016E7F2 = {
			isa = PBXGroup;
			children = (
				BC526BEC2572570F0016E7F2 /* TimeMonitor */,
				BC526BEB2572570F0016E7F2 /* Products */,
			);
			sourceTree = "<group>";
		};
		BC526BEB2572570F0016E7F2 /* Products */ = {
			isa = PBXGroup;
			children = (
				BC526BEA2572570F0016E7F2 /* TimeMonitor.app */,
			);
			name = Products;
			sourceTree = "<group>";
		};
		BC526BEC2572570F0016E7F2 /* TimeMonitor */ = {
			isa = PBXGroup;
			children = (
				BC526C02257257210016E7F2 /* Monitor */,
				BC526BED2572570F0016E7F2 /* AppDelegate.swift */,
				BC526BEF2572570F0016E7F2 /* SceneDelegate.swift */,
				BC526BF12572570F0016E7F2 /* ViewController.swift */,
				BC77D18F2572580E00025253 /* TestCollectionViewCell.swift */,
				BC526BF32572570F0016E7F2 /* Main.storyboard */,
				BC526BF6257257110016E7F2 /* Assets.xcassets */,
				BC526BF8257257110016E7F2 /* LaunchScreen.storyboard */,
				BC526BFB257257110016E7F2 /* Info.plist */,
			);
			path = TimeMonitor;
			sourceTree = "<group>";
		};
		BC526C02257257210016E7F2 /* Monitor */ = {
			isa = PBXGroup;
			children = (
				BC77D1922572596400025253 /* MonitorProtocol.swift */,
				BC77D19525727D1D00025253 /* Monitor.swift */,
				BC77D1A12573581D00025253 /* DelegateProxy.swift */,
				BC77D19B2572859800025253 /* CollectionViewMonitor.swift */,
				BC77D19825727E9A00025253 /* Monitor+Extension.swift */,
				BC77D19E2572862F00025253 /* Monitor+Util.swift */,
				BC77D1A425737D1900025253 /* MonitorAction.swift */,
			);
			path = Monitor;
			sourceTree = "<group>";
		};
/* End PBXGroup section */

/* Begin PBXNativeTarget section */
		BC526BE92572570F0016E7F2 /* TimeMonitor */ = {
			isa = PBXNativeTarget;
			buildConfigurationList = BC526BFE257257110016E7F2 /* Build configuration list for PBXNativeTarget "TimeMonitor" */;
			buildPhases = (
				BC526BE62572570F0016E7F2 /* Sources */,
				BC526BE72572570F0016E7F2 /* Frameworks */,
				BC526BE82572570F0016E7F2 /* Resources */,
			);
			buildRules = (
			);
			dependencies = (
			);
			name = TimeMonitor;
			productName = TimeMonitor;
			productReference = BC526BEA2572570F0016E7F2 /* TimeMonitor.app */;
			productType = "com.apple.product-type.application";
		};
/* End PBXNativeTarget section */

/* Begin PBXProject section */
		BC526BE22572570F0016E7F2 /* Project object */ = {
			isa = PBXProject;
			attributes = {
				LastSwiftUpdateCheck = 1210;
				LastUpgradeCheck = 1210;
				TargetAttributes = {
					BC526BE92572570F0016E7F2 = {
						CreatedOnToolsVersion = 12.1.1;
					};
				};
			};
			buildConfigurationList = BC526BE52572570F0016E7F2 /* Build configuration list for PBXProject "TimeMonitor" */;
			compatibilityVersion = "Xcode 9.3";
			developmentRegion = en;
			hasScannedForEncodings = 0;
			knownRegions = (
				en,
				Base,
			);
			mainGroup = BC526BE12572570F0016E7F2;
			productRefGroup = BC526BEB2572570F0016E7F2 /* Products */;
			projectDirPath = "";
			projectRoot = "";
			targets = (
				BC526BE92572570F0016E7F2 /* TimeMonitor */,
			);
		};
/* End PBXProject section */

/* Begin PBXResourcesBuildPhase section */
		BC526BE82572570F0016E7F2 /* Resources */ = {
			isa = PBXResourcesBuildPhase;
			buildActionMask = 2147483647;
			files = (
				BC526BFA257257110016E7F2 /* LaunchScreen.storyboard in Resources */,
				BC526BF7257257110016E7F2 /* Assets.xcassets in Resources */,
				BC526BF52572570F0016E7F2 /* Main.storyboard in Resources */,
			);
			runOnlyForDeploymentPostprocessing = 0;
		};
/* End PBXResourcesBuildPhase section */

/* Begin PBXSourcesBuildPhase section */
		BC526BE62572570F0016E7F2 /* Sources */ = {
			isa = PBXSourcesBuildPhase;
			buildActionMask = 2147483647;
			files = (
				BC526BF22572570F0016E7F2 /* ViewController.swift in Sources */,
				BC526BEE2572570F0016E7F2 /* AppDelegate.swift in Sources */,
				BC77D1902572580E00025253 /* TestCollectionViewCell.swift in Sources */,
				BC526BF02572570F0016E7F2 /* SceneDelegate.swift in Sources */,
				BC77D19925727E9A00025253 /* Monitor+Extension.swift in Sources */,
				BC77D1A22573581D00025253 /* DelegateProxy.swift in Sources */,
				BC77D19F2572862F00025253 /* Monitor+Util.swift in Sources */,
				BC77D19C2572859800025253 /* CollectionViewMonitor.swift in Sources */,
				BC77D19625727D1D00025253 /* Monitor.swift in Sources */,
				BC77D1A525737D1900025253 /* MonitorAction.swift in Sources */,
				BC77D1932572596400025253 /* MonitorProtocol.swift in Sources */,
			);
			runOnlyForDeploymentPostprocessing = 0;
		};
/* End PBXSourcesBuildPhase section */

/* Begin PBXVariantGroup section */
		BC526BF32572570F0016E7F2 /* Main.storyboard */ = {
			isa = PBXVariantGroup;
			children = (
				BC526BF42572570F0016E7F2 /* Base */,
			);
			name = Main.storyboard;
			sourceTree = "<group>";
		};
		BC526BF8257257110016E7F2 /* LaunchScreen.storyboard */ = {
			isa = PBXVariantGroup;
			children = (
				BC526BF9257257110016E7F2 /* Base */,
			);
			name = LaunchScreen.storyboard;
			sourceTree = "<group>";
		};
/* End PBXVariantGroup section */

/* Begin XCBuildConfiguration section */
		BC526BFC257257110016E7F2 /* Debug */ = {
			isa = XCBuildConfiguration;
			buildSettings = {
				ALWAYS_SEARCH_USER_PATHS = NO;
				CLANG_ANALYZER_NONNULL = YES;
				CLANG_ANALYZER_NUMBER_OBJECT_CONVERSION = YES_AGGRESSIVE;
				CLANG_CXX_LANGUAGE_STANDARD = "gnu++14";
				CLANG_CXX_LIBRARY = "libc++";
				CLANG_ENABLE_MODULES = YES;
				CLANG_ENABLE_OBJC_ARC = YES;
				CLANG_ENABLE_OBJC_WEAK = YES;
				CLANG_WARN_BLOCK_CAPTURE_AUTORELEASING = YES;
				CLANG_WARN_BOOL_CONVERSION = YES;
				CLANG_WARN_COMMA = YES;
				CLANG_WARN_CONSTANT_CONVERSION = YES;
				CLANG_WARN_DEPRECATED_OBJC_IMPLEMENTATIONS = YES;
				CLANG_WARN_DIRECT_OBJC_ISA_USAGE = YES_ERROR;
				CLANG_WARN_DOCUMENTATION_COMMENTS = YES;
				CLANG_WARN_EMPTY_BODY = YES;
				CLANG_WARN_ENUM_CONVERSION = YES;
				CLANG_WARN_INFINITE_RECURSION = YES;
				CLANG_WARN_INT_CONVERSION = YES;
				CLANG_WARN_NON_LITERAL_NULL_CONVERSION = YES;
				CLANG_WARN_OBJC_IMPLICIT_RETAIN_SELF = YES;
				CLANG_WARN_OBJC_LITERAL_CONVERSION = YES;
				CLANG_WARN_OBJC_ROOT_CLASS = YES_ERROR;
				CLANG_WARN_QUOTED_INCLUDE_IN_FRAMEWORK_HEADER = YES;
				CLANG_WARN_RANGE_LOOP_ANALYSIS = YES;
				CLANG_WARN_STRICT_PROTOTYPES = YES;
				CLANG_WARN_SUSPICIOUS_MOVE = YES;
				CLANG_WARN_UNGUARDED_AVAILABILITY = YES_AGGRESSIVE;
				CLANG_WARN_UNREACHABLE_CODE = YES;
				CLANG_WARN__DUPLICATE_METHOD_MATCH = YES;
				COPY_PHASE_STRIP = NO;
				DEBUG_INFORMATION_FORMAT = dwarf;
				ENABLE_STRICT_OBJC_MSGSEND = YES;
				ENABLE_TESTABILITY = YES;
				GCC_C_LANGUAGE_STANDARD = gnu11;
				GCC_DYNAMIC_NO_PIC = NO;
				GCC_NO_COMMON_BLOCKS = YES;
				GCC_OPTIMIZATION_LEVEL = 0;
				GCC_PREPROCESSOR_DEFINITIONS = (
					"DEBUG=1",
					"$(inherited)",
				);
				GCC_WARN_64_TO_32_BIT_CONVERSION = YES;
				GCC_WARN_ABOUT_RETURN_TYPE = YES_ERROR;
				GCC_WARN_UNDECLARED_SELECTOR = YES;
				GCC_WARN_UNINITIALIZED_AUTOS = YES_AGGRESSIVE;
				GCC_WARN_UNUSED_FUNCTION = YES;
				GCC_WARN_UNUSED_VARIABLE = YES;
				IPHONEOS_DEPLOYMENT_TARGET = 14.2;
				MTL_ENABLE_DEBUG_INFO = INCLUDE_SOURCE;
				MTL_FAST_MATH = YES;
				ONLY_ACTIVE_ARCH = YES;
				SDKROOT = iphoneos;
				SWIFT_ACTIVE_COMPILATION_CONDITIONS = DEBUG;
				SWIFT_OPTIMIZATION_LEVEL = "-Onone";
			};
			name = Debug;
		};
		BC526BFD257257110016E7F2 /* Release */ = {
			isa = XCBuildConfiguration;
			buildSettings = {
				ALWAYS_SEARCH_USER_PATHS = NO;
				CLANG_ANALYZER_NONNULL = YES;
				CLANG_ANALYZER_NUMBER_OBJECT_CONVERSION = YES_AGGRESSIVE;
				CLANG_CXX_LANGUAGE_STANDARD = "gnu++14";
				CLANG_CXX_LIBRARY = "libc++";
				CLANG_ENABLE_MODULES = YES;
				CLANG_ENABLE_OBJC_ARC = YES;
				CLANG_ENABLE_OBJC_WEAK = YES;
				CLANG_WARN_BLOCK_CAPTURE_AUTORELEASING = YES;
				CLANG_WARN_BOOL_CONVERSION = YES;
				CLANG_WARN_COMMA = YES;
				CLANG_WARN_CONSTANT_CONVERSION = YES;
				CLANG_WARN_DEPRECATED_OBJC_IMPLEMENTATIONS = YES;
				CLANG_WARN_DIRECT_OBJC_ISA_USAGE = YES_ERROR;
				CLANG_WARN_DOCUMENTATION_COMMENTS = YES;
				CLANG_WARN_EMPTY_BODY = YES;
				CLANG_WARN_ENUM_CONVERSION = YES;
				CLANG_WARN_INFINITE_RECURSION = YES;
				CLANG_WARN_INT_CONVERSION = YES;
				CLANG_WARN_NON_LITERAL_NULL_CONVERSION = YES;
				CLANG_WARN_OBJC_IMPLICIT_RETAIN_SELF = YES;
				CLANG_WARN_OBJC_LITERAL_CONVERSION = YES;
				CLANG_WARN_OBJC_ROOT_CLASS = YES_ERROR;
				CLANG_WARN_QUOTED_INCLUDE_IN_FRAMEWORK_HEADER = YES;
				CLANG_WARN_RANGE_LOOP_ANALYSIS = YES;
				CLANG_WARN_STRICT_PROTOTYPES = YES;
				CLANG_WARN_SUSPICIOUS_MOVE = YES;
				CLANG_WARN_UNGUARDED_AVAILABILITY = YES_AGGRESSIVE;
				CLANG_WARN_UNREACHABLE_CODE = YES;
				CLANG_WARN__DUPLICATE_METHOD_MATCH = YES;
				COPY_PHASE_STRIP = NO;
				DEBUG_INFORMATION_FORMAT = "dwarf-with-dsym";
				ENABLE_NS_ASSERTIONS = NO;
				ENABLE_STRICT_OBJC_MSGSEND = YES;
				GCC_C_LANGUAGE_STANDARD = gnu11;
				GCC_NO_COMMON_BLOCKS = YES;
				GCC_WARN_64_TO_32_BIT_CONVERSION = YES;
				GCC_WARN_ABOUT_RETURN_TYPE = YES_ERROR;
				GCC_WARN_UNDECLARED_SELECTOR = YES;
				GCC_WARN_UNINITIALIZED_AUTOS = YES_AGGRESSIVE;
				GCC_WARN_UNUSED_FUNCTION = YES;
				GCC_WARN_UNUSED_VARIABLE = YES;
				IPHONEOS_DEPLOYMENT_TARGET = 14.2;
				MTL_ENABLE_DEBUG_INFO = NO;
				MTL_FAST_MATH = YES;
				SDKROOT = iphoneos;
				SWIFT_COMPILATION_MODE = wholemodule;
				SWIFT_OPTIMIZATION_LEVEL = "-O";
				VALIDATE_PRODUCT = YES;
			};
			name = Release;
		};
		BC526BFF257257110016E7F2 /* Debug */ = {
			isa = XCBuildConfiguration;
			buildSettings = {
				ASSETCATALOG_COMPILER_APPICON_NAME = AppIcon;
				ASSETCATALOG_COMPILER_GLOBAL_ACCENT_COLOR_NAME = AccentColor;
				CODE_SIGN_STYLE = Automatic;
				INFOPLIST_FILE = TimeMonitor/Info.plist;
				LD_RUNPATH_SEARCH_PATHS = (
					"$(inherited)",
					"@executable_path/Frameworks",
				);
				PRODUCT_BUNDLE_IDENTIFIER = com.paint.TimeMonitor;
				PRODUCT_NAME = "$(TARGET_NAME)";
				SWIFT_VERSION = 5.0;
				TARGETED_DEVICE_FAMILY = "1,2";
			};
			name = Debug;
		};
		BC526C00257257110016E7F2 /* Release */ = {
			isa = XCBuildConfiguration;
			buildSettings = {
				ASSETCATALOG_COMPILER_APPICON_NAME = AppIcon;
				ASSETCATALOG_COMPILER_GLOBAL_ACCENT_COLOR_NAME = AccentColor;
				CODE_SIGN_STYLE = Automatic;
				INFOPLIST_FILE = TimeMonitor/Info.plist;
				LD_RUNPATH_SEARCH_PATHS = (
					"$(inherited)",
					"@executable_path/Frameworks",
				);
				PRODUCT_BUNDLE_IDENTIFIER = com.paint.TimeMonitor;
				PRODUCT_NAME = "$(TARGET_NAME)";
				SWIFT_VERSION = 5.0;
				TARGETED_DEVICE_FAMILY = "1,2";
			};
			name = Release;
		};
/* End XCBuildConfiguration section */

/* Begin XCConfigurationList section */
		BC526BE52572570F0016E7F2 /* Build configuration list for PBXProject "TimeMonitor" */ = {
			isa = XCConfigurationList;
			buildConfigurations = (
				BC526BFC257257110016E7F2 /* Debug */,
				BC526BFD257257110016E7F2 /* Release */,
			);
			defaultConfigurationIsVisible = 0;
			defaultConfigurationName = Release;
		};
		BC526BFE257257110016E7F2 /* Build configuration list for PBXNativeTarget "TimeMonitor" */ = {
			isa = XCConfigurationList;
			buildConfigurations = (
				BC526BFF257257110016E7F2 /* Debug */,
				BC526C00257257110016E7F2 /* Release */,
			);
			defaultConfigurationIsVisible = 0;
			defaultConfigurationName = Release;
		};
/* End XCConfigurationList section */
	};
	rootObject = BC526BE22572570F0016E7F2 /* Project object */;
}
